
Microsoft Visual Studio Solution File, Format Version 12.00
# Visual Studio Version 16
VisualStudioVersion = 16.0.31025.218
MinimumVisualStudioVersion = 10.0.40219.1
Project("{FAE04EC0-301F-11D3-BF4B-00C04F79EFBC}") = "Server", "Server\Server.csproj", "{61B08BA0-7819-485F-ACE3-C823754FFC63}"
EndProject
Project("{FAE04EC0-301F-11D3-BF4B-00C04F79EFBC}") = "Client", "Client\Client.csproj", "{37403709-D683-47CB-B467-24B96EDFBD39}"
EndProject
Project("{FAE04EC0-301F-11D3-BF4B-00C04F79EFBC}") = "Shared", "Shared\Shared.csproj", "{903CB8BC-63FC-44C1-AC90-9A48DBF3C0C3}"
EndProject
Global
	GlobalSection(SolutionConfigurationPlatforms) = preSolution
		Debug|Any CPU = Debug|Any CPU
		Release|Any CPU = Release|Any CPU
	EndGlobalSection
	GlobalSection(ProjectConfigurationPlatforms) = postSolution
		{61B08BA0-7819-485F-ACE3-C823754FFC63}.Debug|Any CPU.ActiveCfg = Debug|Any CPU
		{61B08BA0-7819-485F-ACE3-C823754FFC63}.Debug|Any CPU.Build.0 = Debug|Any CPU
		{61B08BA0-7819-485F-ACE3-C823754FFC63}.Release|Any CPU.ActiveCfg = Release|Any CPU
		{61B08BA0-7819-485F-ACE3-C823754FFC63}.Release|Any CPU.Build.0 = Release|Any CPU
		{37403709-D683-47CB-B467-24B96EDFBD39}.Debug|Any CPU.ActiveCfg = Debug|Any CPU
		{37403709-D683-47CB-B467-24B96EDFBD39}.Debug|Any CPU.Build.0 = Debug|Any CPU
		{37403709-D683-47CB-B467-24B96EDFBD39}.Release|Any CPU.ActiveCfg = Release|Any CPU
		{37403709-D683-47CB-B467-24B96EDFBD39}.Release|Any CPU.Build.0 = Release|Any CPU
		{903CB8BC-63FC-44C1-AC90-9A48DBF3C0C3}.Debug|Any CPU.ActiveCfg = Debug|Any CPU
		{903CB8BC-63FC-44C1-AC90-9A48DBF3C0C3}.Debug|Any CPU.Build.0 = Debug|Any CPU
		{903CB8BC-63FC-44C1-AC90-9A48DBF3C0C3}.Release|Any CPU.ActiveCfg = Release|Any CPU
		{903CB8BC-63FC-44C1-AC90-9A48DBF3C0C3}.Release|Any CPU.Build.0 = Release|Any CPU
	EndGlobalSection
	GlobalSection(SolutionProperties) = preSolution
		HideSolutionNode = FALSE
	EndGlobalSection
	GlobalSection(ExtensibilityGlobals) = postSolution
		SolutionGuid = {4DF08AC7-6009-4748-8E45-5FEE8AD23DB0}
	EndGlobalSection
EndGlobal
