
Microsoft Visual Studio Solution File, Format Version 12.00
# Visual Studio Version 17
VisualStudioVersion = 17.0.31521.260
MinimumVisualStudioVersion = 10.0.40219.1
Project("{2150E333-8FDC-42A3-9474-1A3956D46DE8}") = ".Solution Items", ".Solution Items", "{92475338-7CF9-48F0-A7D4-05000D345582}"
	ProjectSection(SolutionItems) = preProject
		.gitignore = .gitignore
		Directory.Build.props = Directory.Build.props
		Dockerfile = Dockerfile
		LICENSE = LICENSE
		README.md = README.md
	EndProjectSection
EndProject
Project("{9A19103F-16F7-4668-BE54-9A1E7A4F7556}") = "Client.App", "Client.App\Client.App.csproj", "{AC9CFB79-8BE6-44BE-8002-99252D63E4FB}"
EndProject
Project("{9A19103F-16F7-4668-BE54-9A1E7A4F7556}") = "Client.Core", "Client.Core\Client.Core.csproj", "{C14ABE8B-207D-45A3-BB2D-B4366B5B7FA4}"
EndProject
Project("{2150E333-8FDC-42A3-9474-1A3956D46DE8}") = "Client", "Client", "{D3EAB0DE-1A10-4823-BC41-0DDDDC8EA5F4}"
EndProject
Project("{9A19103F-16F7-4668-BE54-9A1E7A4F7556}") = "Common", "Common\Common.csproj", "{A80368D6-FCDF-4585-874B-A0249D48A065}"
EndProject
Project("{9A19103F-16F7-4668-BE54-9A1E7A4F7556}") = "Server", "Server\Server.csproj", "{A34FF1C9-CF12-4D87-A004-B3A17202D428}"
EndProject
Project("{9A19103F-16F7-4668-BE54-9A1E7A4F7556}") = "Sync.SignalR.Client", "Sync.SignalR.Client\Sync.SignalR.Client.csproj", "{C90002B0-4385-4942-979D-CAA0BEFC63D7}"
EndProject
Project("{9A19103F-16F7-4668-BE54-9A1E7A4F7556}") = "Sync.SignalR.Server", "Sync.SignalR.Server\Sync.SignalR.Server.csproj", "{83168B9A-33CE-4AED-8422-93F50E945D5C}"
EndProject
Project("{9A19103F-16F7-4668-BE54-9A1E7A4F7556}") = "Sync.SignalR.Shared", "Sync.SignalR.Shared\Sync.SignalR.Shared.csproj", "{51B82550-FF20-4D17-B08F-F3F671049C13}"
EndProject
Project("{2150E333-8FDC-42A3-9474-1A3956D46DE8}") = "Sync", "Sync", "{C4DF7036-F18C-49C3-82EB-0C5D07C94273}"
EndProject
Project("{9A19103F-16F7-4668-BE54-9A1E7A4F7556}") = "Server.Core", "Server.Core\Server.Core.csproj", "{808D5E11-3D4A-4C80-9FE1-6AB91A24EDF0}"
EndProject
Project("{9A19103F-16F7-4668-BE54-9A1E7A4F7556}") = "Sync.InMemory", "Sync.InMemory\Sync.InMemory.csproj", "{8EF55C0F-798C-413A-879E-7B2104998A80}"
EndProject
Project("{9A19103F-16F7-4668-BE54-9A1E7A4F7556}") = "Client.Demo", "Client.Demo\Client.Demo.csproj", "{A3E9FAEC-0321-4B15-982D-E4A027744BFF}"
EndProject
Global
	GlobalSection(SolutionConfigurationPlatforms) = preSolution
		Debug|Any CPU = Debug|Any CPU
		Release|Any CPU = Release|Any CPU
	EndGlobalSection
	GlobalSection(ProjectConfigurationPlatforms) = postSolution
		{AC9CFB79-8BE6-44BE-8002-99252D63E4FB}.Debug|Any CPU.ActiveCfg = Debug|Any CPU
		{AC9CFB79-8BE6-44BE-8002-99252D63E4FB}.Debug|Any CPU.Build.0 = Debug|Any CPU
		{AC9CFB79-8BE6-44BE-8002-99252D63E4FB}.Release|Any CPU.ActiveCfg = Release|Any CPU
		{AC9CFB79-8BE6-44BE-8002-99252D63E4FB}.Release|Any CPU.Build.0 = Release|Any CPU
		{C14ABE8B-207D-45A3-BB2D-B4366B5B7FA4}.Debug|Any CPU.ActiveCfg = Debug|Any CPU
		{C14ABE8B-207D-45A3-BB2D-B4366B5B7FA4}.Debug|Any CPU.Build.0 = Debug|Any CPU
		{C14ABE8B-207D-45A3-BB2D-B4366B5B7FA4}.Release|Any CPU.ActiveCfg = Release|Any CPU
		{C14ABE8B-207D-45A3-BB2D-B4366B5B7FA4}.Release|Any CPU.Build.0 = Release|Any CPU
		{A80368D6-FCDF-4585-874B-A0249D48A065}.Debug|Any CPU.ActiveCfg = Debug|Any CPU
		{A80368D6-FCDF-4585-874B-A0249D48A065}.Debug|Any CPU.Build.0 = Debug|Any CPU
		{A80368D6-FCDF-4585-874B-A0249D48A065}.Release|Any CPU.ActiveCfg = Release|Any CPU
		{A80368D6-FCDF-4585-874B-A0249D48A065}.Release|Any CPU.Build.0 = Release|Any CPU
		{A34FF1C9-CF12-4D87-A004-B3A17202D428}.Debug|Any CPU.ActiveCfg = Debug|Any CPU
		{A34FF1C9-CF12-4D87-A004-B3A17202D428}.Debug|Any CPU.Build.0 = Debug|Any CPU
		{A34FF1C9-CF12-4D87-A004-B3A17202D428}.Release|Any CPU.ActiveCfg = Release|Any CPU
		{A34FF1C9-CF12-4D87-A004-B3A17202D428}.Release|Any CPU.Build.0 = Release|Any CPU
		{C90002B0-4385-4942-979D-CAA0BEFC63D7}.Debug|Any CPU.ActiveCfg = Debug|Any CPU
		{C90002B0-4385-4942-979D-CAA0BEFC63D7}.Debug|Any CPU.Build.0 = Debug|Any CPU
		{C90002B0-4385-4942-979D-CAA0BEFC63D7}.Release|Any CPU.ActiveCfg = Release|Any CPU
		{C90002B0-4385-4942-979D-CAA0BEFC63D7}.Release|Any CPU.Build.0 = Release|Any CPU
		{83168B9A-33CE-4AED-8422-93F50E945D5C}.Debug|Any CPU.ActiveCfg = Debug|Any CPU
		{83168B9A-33CE-4AED-8422-93F50E945D5C}.Debug|Any CPU.Build.0 = Debug|Any CPU
		{83168B9A-33CE-4AED-8422-93F50E945D5C}.Release|Any CPU.ActiveCfg = Release|Any CPU
		{83168B9A-33CE-4AED-8422-93F50E945D5C}.Release|Any CPU.Build.0 = Release|Any CPU
		{51B82550-FF20-4D17-B08F-F3F671049C13}.Debug|Any CPU.ActiveCfg = Debug|Any CPU
		{51B82550-FF20-4D17-B08F-F3F671049C13}.Debug|Any CPU.Build.0 = Debug|Any CPU
		{51B82550-FF20-4D17-B08F-F3F671049C13}.Release|Any CPU.ActiveCfg = Release|Any CPU
		{51B82550-FF20-4D17-B08F-F3F671049C13}.Release|Any CPU.Build.0 = Release|Any CPU
		{808D5E11-3D4A-4C80-9FE1-6AB91A24EDF0}.Debug|Any CPU.ActiveCfg = Debug|Any CPU
		{808D5E11-3D4A-4C80-9FE1-6AB91A24EDF0}.Debug|Any CPU.Build.0 = Debug|Any CPU
		{808D5E11-3D4A-4C80-9FE1-6AB91A24EDF0}.Release|Any CPU.ActiveCfg = Release|Any CPU
		{808D5E11-3D4A-4C80-9FE1-6AB91A24EDF0}.Release|Any CPU.Build.0 = Release|Any CPU
		{8EF55C0F-798C-413A-879E-7B2104998A80}.Debug|Any CPU.ActiveCfg = Debug|Any CPU
		{8EF55C0F-798C-413A-879E-7B2104998A80}.Debug|Any CPU.Build.0 = Debug|Any CPU
		{8EF55C0F-798C-413A-879E-7B2104998A80}.Release|Any CPU.ActiveCfg = Release|Any CPU
		{8EF55C0F-798C-413A-879E-7B2104998A80}.Release|Any CPU.Build.0 = Release|Any CPU
		{A3E9FAEC-0321-4B15-982D-E4A027744BFF}.Debug|Any CPU.ActiveCfg = Debug|Any CPU
		{A3E9FAEC-0321-4B15-982D-E4A027744BFF}.Debug|Any CPU.Build.0 = Debug|Any CPU
		{A3E9FAEC-0321-4B15-982D-E4A027744BFF}.Release|Any CPU.ActiveCfg = Release|Any CPU
		{A3E9FAEC-0321-4B15-982D-E4A027744BFF}.Release|Any CPU.Build.0 = Release|Any CPU
	EndGlobalSection
	GlobalSection(SolutionProperties) = preSolution
		HideSolutionNode = FALSE
	EndGlobalSection
	GlobalSection(NestedProjects) = preSolution
		{AC9CFB79-8BE6-44BE-8002-99252D63E4FB} = {D3EAB0DE-1A10-4823-BC41-0DDDDC8EA5F4}
		{C14ABE8B-207D-45A3-BB2D-B4366B5B7FA4} = {D3EAB0DE-1A10-4823-BC41-0DDDDC8EA5F4}
		{C90002B0-4385-4942-979D-CAA0BEFC63D7} = {C4DF7036-F18C-49C3-82EB-0C5D07C94273}
		{83168B9A-33CE-4AED-8422-93F50E945D5C} = {C4DF7036-F18C-49C3-82EB-0C5D07C94273}
		{51B82550-FF20-4D17-B08F-F3F671049C13} = {C4DF7036-F18C-49C3-82EB-0C5D07C94273}
		{8EF55C0F-798C-413A-879E-7B2104998A80} = {C4DF7036-F18C-49C3-82EB-0C5D07C94273}
		{A3E9FAEC-0321-4B15-982D-E4A027744BFF} = {D3EAB0DE-1A10-4823-BC41-0DDDDC8EA5F4}
	EndGlobalSection
	GlobalSection(ExtensibilityGlobals) = postSolution
		SolutionGuid = {4DEEED4C-5A78-41D2-94A0-8526D23DF12C}
	EndGlobalSection
EndGlobal
